<Solution>
  <Folder Name="/Solution Items/">
    <File Path=".editorconfig" />
    <File Path="DefaultDocumentation.json" />
    <File Path="Directory.Build.props" />
    <File Path="Directory.Build.targets" />
  </Folder>
  <Project Path="DiGi.Solar.ComputeSharp/DiGi.Solar.ComputeSharp.csproj" />
  <Project Path="DiGi.Solar/DiGi.Solar.csproj" />
</Solution>
